
Microsoft Visual Studio Solution File, Format Version 12.00
# Visual Studio 15
VisualStudioVersion = 15.0.27130.2027
MinimumVisualStudioVersion = 10.0.40219.1
Project("{FAE04EC0-301F-11D3-BF4B-00C04F79EFBC}") = "Module3", "Module3\Module3.csproj", "{211B016A-0BA8-42BF-82F7-EA2F8D488746}"
EndProject
Global
	GlobalSection(SolutionConfigurationPlatforms) = preSolution
		Debug|Any CPU = Debug|Any CPU
		Release|Any CPU = Release|Any CPU
	EndGlobalSection
	GlobalSection(ProjectConfigurationPlatforms) = postSolution
		{211B016A-0BA8-42BF-82F7-EA2F8D488746}.Debug|Any CPU.ActiveCfg = Debug|Any CPU
		{211B016A-0BA8-42BF-82F7-EA2F8D488746}.Debug|Any CPU.Build.0 = Debug|Any CPU
		{211B016A-0BA8-42BF-82F7-EA2F8D488746}.Release|Any CPU.ActiveCfg = Release|Any CPU
		{211B016A-0BA8-42BF-82F7-EA2F8D488746}.Release|Any CPU.Build.0 = Release|Any CPU
	EndGlobalSection
	GlobalSection(SolutionProperties) = preSolution
		HideSolutionNode = FALSE
	EndGlobalSection
	GlobalSection(ExtensibilityGlobals) = postSolution
		SolutionGuid = {92B16ABD-5131-4DD5-9BFD-46D1D6FA1F01}
	EndGlobalSection
EndGlobal
