
Microsoft Visual Studio Solution File, Format Version 12.00
# Visual Studio 15
VisualStudioVersion = 15.0.27130.2027
MinimumVisualStudioVersion = 10.0.40219.1
Project("{FAE04EC0-301F-11D3-BF4B-00C04F79EFBC}") = "Module1", "Module1\Module1.csproj", "{FD5EE30E-F5D9-4BE0-8350-B64D1B49AAD8}"
EndProject
Global
	GlobalSection(SolutionConfigurationPlatforms) = preSolution
		Debug|Any CPU = Debug|Any CPU
		Release|Any CPU = Release|Any CPU
	EndGlobalSection
	GlobalSection(ProjectConfigurationPlatforms) = postSolution
		{FD5EE30E-F5D9-4BE0-8350-B64D1B49AAD8}.Debug|Any CPU.ActiveCfg = Debug|Any CPU
		{FD5EE30E-F5D9-4BE0-8350-B64D1B49AAD8}.Debug|Any CPU.Build.0 = Debug|Any CPU
		{FD5EE30E-F5D9-4BE0-8350-B64D1B49AAD8}.Release|Any CPU.ActiveCfg = Release|Any CPU
		{FD5EE30E-F5D9-4BE0-8350-B64D1B49AAD8}.Release|Any CPU.Build.0 = Release|Any CPU
	EndGlobalSection
	GlobalSection(SolutionProperties) = preSolution
		HideSolutionNode = FALSE
	EndGlobalSection
	GlobalSection(ExtensibilityGlobals) = postSolution
		SolutionGuid = {AF05319F-5099-4010-9D8E-809C2569F91E}
	EndGlobalSection
EndGlobal
